
Microsoft Visual Studio Solution File, Format Version 12.00
# Visual Studio Version 17
VisualStudioVersion = 17.14.36518.9 d17.14
MinimumVisualStudioVersion = 10.0.40219.1
Project("{8BC9CEB8-8B4A-11D0-8D11-00A0C91BC942}") = "Songify_F25_StarterCode (library)", "Songify_F25_StarterCode\Songify_F25_StarterCode.vcxproj", "{A9D683CA-1066-43F0-9388-BBB4F724DB40}"
EndProject
Global
	GlobalSection(SolutionConfigurationPlatforms) = preSolution
		Debug|x64 = Debug|x64
		Debug|x86 = Debug|x86
		Release|x64 = Release|x64
		Release|x86 = Release|x86
	EndGlobalSection
	GlobalSection(ProjectConfigurationPlatforms) = postSolution
		{A9D683CA-1066-43F0-9388-BBB4F724DB40}.Debug|x64.ActiveCfg = Debug|x64
		{A9D683CA-1066-43F0-9388-BBB4F724DB40}.Debug|x64.Build.0 = Debug|x64
		{A9D683CA-1066-43F0-9388-BBB4F724DB40}.Debug|x86.ActiveCfg = Debug|Win32
		{A9D683CA-1066-43F0-9388-BBB4F724DB40}.Debug|x86.Build.0 = Debug|Win32
		{A9D683CA-1066-43F0-9388-BBB4F724DB40}.Release|x64.ActiveCfg = Release|x64
		{A9D683CA-1066-43F0-9388-BBB4F724DB40}.Release|x64.Build.0 = Release|x64
		{A9D683CA-1066-43F0-9388-BBB4F724DB40}.Release|x86.ActiveCfg = Release|Win32
		{A9D683CA-1066-43F0-9388-BBB4F724DB40}.Release|x86.Build.0 = Release|Win32
	EndGlobalSection
	GlobalSection(SolutionProperties) = preSolution
		HideSolutionNode = FALSE
	EndGlobalSection
	GlobalSection(ExtensibilityGlobals) = postSolution
		SolutionGuid = {2D523FA0-10C4-4396-AEDB-D82761E99CC5}
	EndGlobalSection
EndGlobal
